PODS:
  - AMap3DMap (9.7.0):
    - AMapFoundation (>= 1.8.0)
  - amap_flutter_location (0.0.1):
    - AMapLocation
    - Flutter
  - amap_flutter_map (0.0.1):
    - AMap3DMap
    - Flutter
  - AMapFoundation (1.8.2)
  - AMapLocation (2.10.0):
    - AMapFoundation (>= 1.8.0)
  - Flutter (1.0.0)
  - permission_handler_apple (9.1.1):
    - Flutter
  - url_launcher_ios (0.0.1):
    - Flutter

DEPENDENCIES:
  - amap_flutter_location (from `.symlinks/plugins/amap_flutter_location/ios`)
  - amap_flutter_map (from `.symlinks/plugins/amap_flutter_map/ios`)
  - Flutter (from `Flutter`)
  - permission_handler_apple (from `.symlinks/plugins/permission_handler_apple/ios`)
  - url_launcher_ios (from `.symlinks/plugins/url_launcher_ios/ios`)

SPEC REPOS:
  trunk:
    - AMap3DMap
    - AMapFoundation
    - AMapLocation

EXTERNAL SOURCES:
  amap_flutter_location:
    :path: ".symlinks/plugins/amap_flutter_location/ios"
  amap_flutter_map:
    :path: ".symlinks/plugins/amap_flutter_map/ios"
  Flutter:
    :path: Flutter
  permission_handler_apple:
    :path: ".symlinks/plugins/permission_handler_apple/ios"
  url_launcher_ios:
    :path: ".symlinks/plugins/url_launcher_ios/ios"

SPEC CHECKSUMS:
  AMap3DMap: dce25dd3e51e6b92109caa7d0c97fc6055830fb3
  amap_flutter_location: 44ff5beb64f42e0bf5feb402fe299dac0013af6f
  amap_flutter_map: 979e54d227cedac6c7504a2151bfbf3bcf96760a
  AMapFoundation: 9885c48fc3a78fdfb84a0299a2293e56ea3c9fec
  AMapLocation: 5248aec2455ebb5d104b367813c946430a2ee033
  Flutter: f04841e97a9d0b0a8025694d0796dd46242b2854
  permission_handler_apple: e76247795d700c14ea09e3a2d8855d41ee80a2e6
  url_launcher_ios: 08a3dfac5fb39e8759aeb0abbd5d9480f30fc8b4

PODFILE CHECKSUM: 652bb380d2f07a118b9bf77a23b39f9e021f1bb9

COCOAPODS: 1.12.1
